
Microsoft Visual Studio Solution File, Format Version 12.00
# Visual Studio Version 17
VisualStudioVersion = 17.7.34031.279
MinimumVisualStudioVersion = 10.0.40219.1
Project("{FAE04EC0-301F-11D3-BF4B-00C04F79EFBC}") = "PublishersDG", "PublishersDG\PublishersDG.csproj", "{6898D646-20A8-4987-BCB1-BF2D8FDE782B}"
EndProject
Global
	GlobalSection(SolutionConfigurationPlatforms) = preSolution
		Debug|Any CPU = Debug|Any CPU
		Release|Any CPU = Release|Any CPU
	EndGlobalSection
	GlobalSection(ProjectConfigurationPlatforms) = postSolution
		{6898D646-20A8-4987-BCB1-BF2D8FDE782B}.Debug|Any CPU.ActiveCfg = Debug|Any CPU
		{6898D646-20A8-4987-BCB1-BF2D8FDE782B}.Debug|Any CPU.Build.0 = Debug|Any CPU
		{6898D646-20A8-4987-BCB1-BF2D8FDE782B}.Release|Any CPU.ActiveCfg = Release|Any CPU
		{6898D646-20A8-4987-BCB1-BF2D8FDE782B}.Release|Any CPU.Build.0 = Release|Any CPU
	EndGlobalSection
	GlobalSection(SolutionProperties) = preSolution
		HideSolutionNode = FALSE
	EndGlobalSection
	GlobalSection(ExtensibilityGlobals) = postSolution
		SolutionGuid = {C08CB7EE-FC3E-47A7-BE1C-C91D41FE364A}
	EndGlobalSection
EndGlobal
